// !$*UTF8*$!
{
	archiveVersion = 1;
	classes = {
	};
	objectVersion = 56;
	objects = {

/* Begin PBXBuildFile section */
		F40C89722A0029CD00611369 /* MainViewController.swift in Sources */ = {isa = PBXBuildFile; fileRef = F40C89712A0029CD00611369 /* MainViewController.swift */; };
		F40C89742A002C7000611369 /* MyPageViewController.swift in Sources */ = {isa = PBXBuildFile; fileRef = F40C89732A002C7000611369 /* MyPageViewController.swift */; };
		F4162B2A2A08E1FE005D347F /* BaseViewController.swift in Sources */ = {isa = PBXBuildFile; fileRef = F4162B292A08E1FE005D347F /* BaseViewController.swift */; };
		F4162B2E2A08E278005D347F /* BaseView.swift in Sources */ = {isa = PBXBuildFile; fileRef = F4162B2D2A08E278005D347F /* BaseView.swift */; };
		F4162B322A0908BA005D347F /* UIImage+.swift in Sources */ = {isa = PBXBuildFile; fileRef = F4162B312A0908BA005D347F /* UIImage+.swift */; };
		F4162B342A095A30005D347F /* MainCollectionViewModel.swift in Sources */ = {isa = PBXBuildFile; fileRef = F4162B332A095A30005D347F /* MainCollectionViewModel.swift */; };
		F4162B372A095AB3005D347F /* MainPageCollectionViewCell.swift in Sources */ = {isa = PBXBuildFile; fileRef = F4162B362A095AB3005D347F /* MainPageCollectionViewCell.swift */; };
		F4162B392A095E92005D347F /* tapBarItem_struct.swift in Sources */ = {isa = PBXBuildFile; fileRef = F4162B382A095E92005D347F /* tapBarItem_struct.swift */; };
		F4162B3C2A0A4E82005D347F /* homePageViewController.swift in Sources */ = {isa = PBXBuildFile; fileRef = F4162B3B2A0A4E82005D347F /* homePageViewController.swift */; };
		F4162B3E2A0A4ECE005D347F /* livePageViewController.swift in Sources */ = {isa = PBXBuildFile; fileRef = F4162B3D2A0A4ECE005D347F /* livePageViewController.swift */; };
		F4162B432A0B97A3005D347F /* MovieFirstViewController.swift in Sources */ = {isa = PBXBuildFile; fileRef = F4162B422A0B97A3005D347F /* MovieFirstViewController.swift */; };
		F4162B452A0B9869005D347F /* MovieFirstTableViewCell.swift in Sources */ = {isa = PBXBuildFile; fileRef = F4162B442A0B9869005D347F /* MovieFirstTableViewCell.swift */; };
		F4867B0929F145E3002577E8 /* UIView++.swift in Sources */ = {isa = PBXBuildFile; fileRef = F4867B0829F145E3002577E8 /* UIView++.swift */; };
		F4867B0B29F14612002577E8 /* UIButton++.swift in Sources */ = {isa = PBXBuildFile; fileRef = F4867B0A29F14612002577E8 /* UIButton++.swift */; };
		F4867B0F29F14694002577E8 /* UITextField++.swift in Sources */ = {isa = PBXBuildFile; fileRef = F4867B0E29F14694002577E8 /* UITextField++.swift */; };
		F492A46B2A00FB33008EB376 /* MyPageTableViewCell.swift in Sources */ = {isa = PBXBuildFile; fileRef = F492A46A2A00FB33008EB376 /* MyPageTableViewCell.swift */; };
		F492A46D2A01690A008EB376 /* TopHeader.swift in Sources */ = {isa = PBXBuildFile; fileRef = F492A46C2A01690A008EB376 /* TopHeader.swift */; };
		F492A46F2A018967008EB376 /* SecondSectionHeader.swift in Sources */ = {isa = PBXBuildFile; fileRef = F492A46E2A018967008EB376 /* SecondSectionHeader.swift */; };
		F492A4772A037AB0008EB376 /* UIColor+.swift in Sources */ = {isa = PBXBuildFile; fileRef = F492A4762A037AB0008EB376 /* UIColor+.swift */; };
		F492A4792A03D7F2008EB376 /* tableviewFooter.swift in Sources */ = {isa = PBXBuildFile; fileRef = F492A4782A03D7F1008EB376 /* tableviewFooter.swift */; };
		F4AFD77729EED45800354128 /* AppDelegate.swift in Sources */ = {isa = PBXBuildFile; fileRef = F4AFD77629EED45800354128 /* AppDelegate.swift */; };
		F4AFD77929EED45800354128 /* SceneDelegate.swift in Sources */ = {isa = PBXBuildFile; fileRef = F4AFD77829EED45800354128 /* SceneDelegate.swift */; };
		F4AFD77E29EED45800354128 /* Main.storyboard in Resources */ = {isa = PBXBuildFile; fileRef = F4AFD77C29EED45800354128 /* Main.storyboard */; };
		F4AFD78029EED45A00354128 /* Assets.xcassets in Resources */ = {isa = PBXBuildFile; fileRef = F4AFD77F29EED45A00354128 /* Assets.xcassets */; };
		F4AFD78329EED45A00354128 /* LaunchScreen.storyboard in Resources */ = {isa = PBXBuildFile; fileRef = F4AFD78129EED45A00354128 /* LaunchScreen.storyboard */; };
		F4AFD78D29EEDBDB00354128 /* Welcome_ViewController.swift in Sources */ = {isa = PBXBuildFile; fileRef = F4AFD78C29EEDBDB00354128 /* Welcome_ViewController.swift */; };
		F4AFD78F29EEDBF400354128 /* ModifiedTextField.swift in Sources */ = {isa = PBXBuildFile; fileRef = F4AFD78E29EEDBF400354128 /* ModifiedTextField.swift */; };
		F4AFD79229EEE0DE00354128 /* Inject in Frameworks */ = {isa = PBXBuildFile; productRef = F4AFD79129EEE0DE00354128 /* Inject */; };
		F4AFD79529EEE0E800354128 /* Then in Frameworks */ = {isa = PBXBuildFile; productRef = F4AFD79429EEE0E800354128 /* Then */; };
		F4AFD79829EEE1A400354128 /* SnapKit in Frameworks */ = {isa = PBXBuildFile; productRef = F4AFD79729EEE1A400354128 /* SnapKit */; };
		F4AFD79A29EEE1DC00354128 /* FisrtViewController.swift in Sources */ = {isa = PBXBuildFile; fileRef = F4AFD79929EEE1DC00354128 /* FisrtViewController.swift */; };
/* End PBXBuildFile section */

/* Begin PBXFileReference section */
		F40C89712A0029CD00611369 /* MainViewController.swift */ = {isa = PBXFileReference; lastKnownFileType = sourcecode.swift; path = MainViewController.swift; sourceTree = "<group>"; };
		F40C89732A002C7000611369 /* MyPageViewController.swift */ = {isa = PBXFileReference; lastKnownFileType = sourcecode.swift; path = MyPageViewController.swift; sourceTree = "<group>"; };
		F4162B292A08E1FE005D347F /* BaseViewController.swift */ = {isa = PBXFileReference; lastKnownFileType = sourcecode.swift; path = BaseViewController.swift; sourceTree = "<group>"; };
		F4162B2D2A08E278005D347F /* BaseView.swift */ = {isa = PBXFileReference; lastKnownFileType = sourcecode.swift; path = BaseView.swift; sourceTree = "<group>"; };
		F4162B312A0908BA005D347F /* UIImage+.swift */ = {isa = PBXFileReference; lastKnownFileType = sourcecode.swift; path = "UIImage+.swift"; sourceTree = "<group>"; };
		F4162B332A095A30005D347F /* MainCollectionViewModel.swift */ = {isa = PBXFileReference; lastKnownFileType = sourcecode.swift; path = MainCollectionViewModel.swift; sourceTree = "<group>"; };
		F4162B362A095AB3005D347F /* MainPageCollectionViewCell.swift */ = {isa = PBXFileReference; lastKnownFileType = sourcecode.swift; path = MainPageCollectionViewCell.swift; sourceTree = "<group>"; };
		F4162B382A095E92005D347F /* tapBarItem_struct.swift */ = {isa = PBXFileReference; lastKnownFileType = sourcecode.swift; path = tapBarItem_struct.swift; sourceTree = "<group>"; };
		F4162B3B2A0A4E82005D347F /* homePageViewController.swift */ = {isa = PBXFileReference; lastKnownFileType = sourcecode.swift; path = homePageViewController.swift; sourceTree = "<group>"; };
		F4162B3D2A0A4ECE005D347F /* livePageViewController.swift */ = {isa = PBXFileReference; lastKnownFileType = sourcecode.swift; path = livePageViewController.swift; sourceTree = "<group>"; };
		F4162B422A0B97A3005D347F /* MovieFirstViewController.swift */ = {isa = PBXFileReference; lastKnownFileType = sourcecode.swift; path = MovieFirstViewController.swift; sourceTree = "<group>"; };
		F4162B442A0B9869005D347F /* MovieFirstTableViewCell.swift */ = {isa = PBXFileReference; lastKnownFileType = sourcecode.swift; path = MovieFirstTableViewCell.swift; sourceTree = "<group>"; };
		F4867B0829F145E3002577E8 /* UIView++.swift */ = {isa = PBXFileReference; lastKnownFileType = sourcecode.swift; path = "UIView++.swift"; sourceTree = "<group>"; };
		F4867B0A29F14612002577E8 /* UIButton++.swift */ = {isa = PBXFileReference; lastKnownFileType = sourcecode.swift; path = "UIButton++.swift"; sourceTree = "<group>"; };
		F4867B0E29F14694002577E8 /* UITextField++.swift */ = {isa = PBXFileReference; lastKnownFileType = sourcecode.swift; path = "UITextField++.swift"; sourceTree = "<group>"; };
		F492A46A2A00FB33008EB376 /* MyPageTableViewCell.swift */ = {isa = PBXFileReference; lastKnownFileType = sourcecode.swift; path = MyPageTableViewCell.swift; sourceTree = "<group>"; };
		F492A46C2A01690A008EB376 /* TopHeader.swift */ = {isa = PBXFileReference; lastKnownFileType = sourcecode.swift; path = TopHeader.swift; sourceTree = "<group>"; };
		F492A46E2A018967008EB376 /* SecondSectionHeader.swift */ = {isa = PBXFileReference; lastKnownFileType = sourcecode.swift; path = SecondSectionHeader.swift; sourceTree = "<group>"; };
		F492A4762A037AB0008EB376 /* UIColor+.swift */ = {isa = PBXFileReference; lastKnownFileType = sourcecode.swift; path = "UIColor+.swift"; sourceTree = "<group>"; };
		F492A4782A03D7F1008EB376 /* tableviewFooter.swift */ = {isa = PBXFileReference; lastKnownFileType = sourcecode.swift; path = tableviewFooter.swift; sourceTree = "<group>"; };
		F4AFD77329EED45800354128 /* SOPT_Seminar_Task.app */ = {isa = PBXFileReference; explicitFileType = wrapper.application; includeInIndex = 0; path = SOPT_Seminar_Task.app; sourceTree = BUILT_PRODUCTS_DIR; };
		F4AFD77629EED45800354128 /* AppDelegate.swift */ = {isa = PBXFileReference; lastKnownFileType = sourcecode.swift; path = AppDelegate.swift; sourceTree = "<group>"; };
		F4AFD77829EED45800354128 /* SceneDelegate.swift */ = {isa = PBXFileReference; lastKnownFileType = sourcecode.swift; path = SceneDelegate.swift; sourceTree = "<group>"; };
		F4AFD77D29EED45800354128 /* Base */ = {isa = PBXFileReference; lastKnownFileType = file.storyboard; name = Base; path = Base.lproj/Main.storyboard; sourceTree = "<group>"; };
		F4AFD77F29EED45A00354128 /* Assets.xcassets */ = {isa = PBXFileReference; lastKnownFileType = folder.assetcatalog; path = Assets.xcassets; sourceTree = "<group>"; };
		F4AFD78229EED45A00354128 /* Base */ = {isa = PBXFileReference; lastKnownFileType = file.storyboard; name = Base; path = Base.lproj/LaunchScreen.storyboard; sourceTree = "<group>"; };
		F4AFD78429EED45A00354128 /* Info.plist */ = {isa = PBXFileReference; lastKnownFileType = text.plist.xml; path = Info.plist; sourceTree = "<group>"; };
		F4AFD78C29EEDBDB00354128 /* Welcome_ViewController.swift */ = {isa = PBXFileReference; lastKnownFileType = sourcecode.swift; path = Welcome_ViewController.swift; sourceTree = "<group>"; };
		F4AFD78E29EEDBF400354128 /* ModifiedTextField.swift */ = {isa = PBXFileReference; lastKnownFileType = sourcecode.swift; path = ModifiedTextField.swift; sourceTree = "<group>"; };
		F4AFD79929EEE1DC00354128 /* FisrtViewController.swift */ = {isa = PBXFileReference; lastKnownFileType = sourcecode.swift; path = FisrtViewController.swift; sourceTree = "<group>"; };
/* End PBXFileReference section */

/* Begin PBXFrameworksBuildPhase section */
		F4AFD77029EED45800354128 /* Frameworks */ = {
			isa = PBXFrameworksBuildPhase;
			buildActionMask = 2147483647;
			files = (
				F4AFD79829EEE1A400354128 /* SnapKit in Frameworks */,
				F4AFD79229EEE0DE00354128 /* Inject in Frameworks */,
				F4AFD79529EEE0E800354128 /* Then in Frameworks */,
			);
			runOnlyForDeploymentPostprocessing = 0;
		};
/* End PBXFrameworksBuildPhase section */

/* Begin PBXGroup section */
		F4162B282A08E1AD005D347F /* Extensions */ = {
			isa = PBXGroup;
			children = (
				F4867B0829F145E3002577E8 /* UIView++.swift */,
				F492A4762A037AB0008EB376 /* UIColor+.swift */,
				F4867B0E29F14694002577E8 /* UITextField++.swift */,
				F4867B0A29F14612002577E8 /* UIButton++.swift */,
				F4162B312A0908BA005D347F /* UIImage+.swift */,
			);
			path = Extensions;
			sourceTree = "<group>";
		};
		F4162B2C2A08E25A005D347F /* Baseview+Controller */ = {
			isa = PBXGroup;
			children = (
				F4162B292A08E1FE005D347F /* BaseViewController.swift */,
				F4162B2D2A08E278005D347F /* BaseView.swift */,
			);
			path = "Baseview+Controller";
			sourceTree = "<group>";
		};
		F4162B352A095A53005D347F /* MainPage */ = {
			isa = PBXGroup;
			children = (
				F40C89712A0029CD00611369 /* MainViewController.swift */,
				F4162B332A095A30005D347F /* MainCollectionViewModel.swift */,
				F4162B362A095AB3005D347F /* MainPageCollectionViewCell.swift */,
				F4162B382A095E92005D347F /* tapBarItem_struct.swift */,
			);
			path = MainPage;
			sourceTree = "<group>";
		};
		F4162B3A2A0A4E60005D347F /* PageViewController */ = {
			isa = PBXGroup;
			children = (
				F4162B3B2A0A4E82005D347F /* homePageViewController.swift */,
				F4162B3D2A0A4ECE005D347F /* livePageViewController.swift */,
			);
			path = PageViewController;
			sourceTree = "<group>";
		};
		F4162B412A0B932E005D347F /* Week4_task */ = {
			isa = PBXGroup;
			children = (
				F4162B422A0B97A3005D347F /* MovieFirstViewController.swift */,
				F4162B442A0B9869005D347F /* MovieFirstTableViewCell.swift */,
			);
			path = Week4_task;
			sourceTree = "<group>";
		};
		F4AFD76A29EED45800354128 = {
			isa = PBXGroup;
			children = (
				F4AFD77529EED45800354128 /* SOPT_Seminar_Task */,
				F4AFD77429EED45800354128 /* Products */,
			);
			sourceTree = "<group>";
		};
		F4AFD77429EED45800354128 /* Products */ = {
			isa = PBXGroup;
			children = (
				F4AFD77329EED45800354128 /* SOPT_Seminar_Task.app */,
			);
			name = Products;
			sourceTree = "<group>";
		};
		F4AFD77529EED45800354128 /* SOPT_Seminar_Task */ = {
			isa = PBXGroup;
			children = (
				F4162B3A2A0A4E60005D347F /* PageViewController */,
				F4162B352A095A53005D347F /* MainPage */,
				F4162B282A08E1AD005D347F /* Extensions */,
				F4162B2C2A08E25A005D347F /* Baseview+Controller */,
				F4AFD77829EED45800354128 /* SceneDelegate.swift */,
				F4AFD77629EED45800354128 /* AppDelegate.swift */,
				F4AFD77C29EED45800354128 /* Main.storyboard */,
				F4AFD77F29EED45A00354128 /* Assets.xcassets */,
				F4AFD78129EED45A00354128 /* LaunchScreen.storyboard */,
				F4AFD78429EED45A00354128 /* Info.plist */,
				F4AFD78C29EEDBDB00354128 /* Welcome_ViewController.swift */,
				F4AFD78E29EEDBF400354128 /* ModifiedTextField.swift */,
				F4AFD79929EEE1DC00354128 /* FisrtViewController.swift */,
				F492A46E2A018967008EB376 /* SecondSectionHeader.swift */,
				F492A4782A03D7F1008EB376 /* tableviewFooter.swift */,
				F492A46C2A01690A008EB376 /* TopHeader.swift */,
				F40C89732A002C7000611369 /* MyPageViewController.swift */,
				F492A46A2A00FB33008EB376 /* MyPageTableViewCell.swift */,
				F4162B412A0B932E005D347F /* Week4_task */,
			);
			path = SOPT_Seminar_Task;
			sourceTree = "<group>";
		};
/* End PBXGroup section */

/* Begin PBXNativeTarget section */
		F4AFD77229EED45800354128 /* SOPT_Seminar_Task */ = {
			isa = PBXNativeTarget;
			buildConfigurationList = F4AFD78729EED45A00354128 /* Build configuration list for PBXNativeTarget "SOPT_Seminar_Task" */;
			buildPhases = (
				F4AFD76F29EED45800354128 /* Sources */,
				F4AFD77029EED45800354128 /* Frameworks */,
				F4AFD77129EED45800354128 /* Resources */,
			);
			buildRules = (
			);
			dependencies = (
			);
			name = SOPT_Seminar_Task;
			packageProductDependencies = (
				F4AFD79129EEE0DE00354128 /* Inject */,
				F4AFD79429EEE0E800354128 /* Then */,
				F4AFD79729EEE1A400354128 /* SnapKit */,
			);
			productName = SOPT_Seminar_Task;
			productReference = F4AFD77329EED45800354128 /* SOPT_Seminar_Task.app */;
			productType = "com.apple.product-type.application";
		};
/* End PBXNativeTarget section */

/* Begin PBXProject section */
		F4AFD76B29EED45800354128 /* Project object */ = {
			isa = PBXProject;
			attributes = {
				BuildIndependentTargetsInParallel = 1;
				LastSwiftUpdateCheck = 1430;
				LastUpgradeCheck = 1430;
				TargetAttributes = {
					F4AFD77229EED45800354128 = {
						CreatedOnToolsVersion = 14.3;
					};
				};
			};
			buildConfigurationList = F4AFD76E29EED45800354128 /* Build configuration list for PBXProject "SOPT_Seminar_Task" */;
			compatibilityVersion = "Xcode 14.0";
			developmentRegion = en;
			hasScannedForEncodings = 0;
			knownRegions = (
				en,
				Base,
			);
			mainGroup = F4AFD76A29EED45800354128;
			packageReferences = (
				F4AFD79029EEE0DE00354128 /* XCRemoteSwiftPackageReference "Inject" */,
				F4AFD79329EEE0E800354128 /* XCRemoteSwiftPackageReference "Then" */,
				F4AFD79629EEE1A400354128 /* XCRemoteSwiftPackageReference "SnapKit" */,
			);
			productRefGroup = F4AFD77429EED45800354128 /* Products */;
			projectDirPath = "";
			projectRoot = "";
			targets = (
				F4AFD77229EED45800354128 /* SOPT_Seminar_Task */,
			);
		};
/* End PBXProject section */

/* Begin PBXResourcesBuildPhase section */
		F4AFD77129EED45800354128 /* Resources */ = {
			isa = PBXResourcesBuildPhase;
			buildActionMask = 2147483647;
			files = (
				F4AFD78329EED45A00354128 /* LaunchScreen.storyboard in Resources */,
				F4AFD78029EED45A00354128 /* Assets.xcassets in Resources */,
				F4AFD77E29EED45800354128 /* Main.storyboard in Resources */,
			);
			runOnlyForDeploymentPostprocessing = 0;
		};
/* End PBXResourcesBuildPhase section */

/* Begin PBXSourcesBuildPhase section */
		F4AFD76F29EED45800354128 /* Sources */ = {
			isa = PBXSourcesBuildPhase;
			buildActionMask = 2147483647;
			files = (
				F4867B0929F145E3002577E8 /* UIView++.swift in Sources */,
				F4867B0F29F14694002577E8 /* UITextField++.swift in Sources */,
				F4AFD77729EED45800354128 /* AppDelegate.swift in Sources */,
				F4162B2E2A08E278005D347F /* BaseView.swift in Sources */,
				F4162B372A095AB3005D347F /* MainPageCollectionViewCell.swift in Sources */,
				F4162B452A0B9869005D347F /* MovieFirstTableViewCell.swift in Sources */,
				F4867B0B29F14612002577E8 /* UIButton++.swift in Sources */,
				F4162B3C2A0A4E82005D347F /* homePageViewController.swift in Sources */,
				F4AFD78D29EEDBDB00354128 /* Welcome_ViewController.swift in Sources */,
				F4162B432A0B97A3005D347F /* MovieFirstViewController.swift in Sources */,
				F492A46F2A018967008EB376 /* SecondSectionHeader.swift in Sources */,
				F4AFD79A29EEE1DC00354128 /* FisrtViewController.swift in Sources */,
				F492A46D2A01690A008EB376 /* TopHeader.swift in Sources */,
				F492A46B2A00FB33008EB376 /* MyPageTableViewCell.swift in Sources */,
				F40C89742A002C7000611369 /* MyPageViewController.swift in Sources */,
				F4AFD77929EED45800354128 /* SceneDelegate.swift in Sources */,
				F4162B342A095A30005D347F /* MainCollectionViewModel.swift in Sources */,
				F4AFD78F29EEDBF400354128 /* ModifiedTextField.swift in Sources */,
				F492A4792A03D7F2008EB376 /* tableviewFooter.swift in Sources */,
				F4162B2A2A08E1FE005D347F /* BaseViewController.swift in Sources */,
				F40C89722A0029CD00611369 /* MainViewController.swift in Sources */,
				F4162B3E2A0A4ECE005D347F /* livePageViewController.swift in Sources */,
				F492A4772A037AB0008EB376 /* UIColor+.swift in Sources */,
				F4162B322A0908BA005D347F /* UIImage+.swift in Sources */,
				F4162B392A095E92005D347F /* tapBarItem_struct.swift in Sources */,
			);
			runOnlyForDeploymentPostprocessing = 0;
		};
/* End PBXSourcesBuildPhase section */

/* Begin PBXVariantGroup section */
		F4AFD77C29EED45800354128 /* Main.storyboard */ = {
			isa = PBXVariantGroup;
			children = (
				F4AFD77D29EED45800354128 /* Base */,
			);
			name = Main.storyboard;
			sourceTree = "<group>";
		};
		F4AFD78129EED45A00354128 /* LaunchScreen.storyboard */ = {
			isa = PBXVariantGroup;
			children = (
				F4AFD78229EED45A00354128 /* Base */,
			);
			name = LaunchScreen.storyboard;
			sourceTree = "<group>";
		};
/* End PBXVariantGroup section */

/* Begin XCBuildConfiguration section */
		F4AFD78529EED45A00354128 /* Debug */ = {
			isa = XCBuildConfiguration;
			buildSettings = {
				ALWAYS_SEARCH_USER_PATHS = NO;
				CLANG_ANALYZER_NONNULL = YES;
				CLANG_ANALYZER_NUMBER_OBJECT_CONVERSION = YES_AGGRESSIVE;
				CLANG_CXX_LANGUAGE_STANDARD = "gnu++20";
				CLANG_ENABLE_MODULES = YES;
				CLANG_ENABLE_OBJC_ARC = YES;
				CLANG_ENABLE_OBJC_WEAK = YES;
				CLANG_WARN_BLOCK_CAPTURE_AUTORELEASING = YES;
				CLANG_WARN_BOOL_CONVERSION = YES;
				CLANG_WARN_COMMA = YES;
				CLANG_WARN_CONSTANT_CONVERSION = YES;
				CLANG_WARN_DEPRECATED_OBJC_IMPLEMENTATIONS = YES;
				CLANG_WARN_DIRECT_OBJC_ISA_USAGE = YES_ERROR;
				CLANG_WARN_DOCUMENTATION_COMMENTS = YES;
				CLANG_WARN_EMPTY_BODY = YES;
				CLANG_WARN_ENUM_CONVERSION = YES;
				CLANG_WARN_INFINITE_RECURSION = YES;
				CLANG_WARN_INT_CONVERSION = YES;
				CLANG_WARN_NON_LITERAL_NULL_CONVERSION = YES;
				CLANG_WARN_OBJC_IMPLICIT_RETAIN_SELF = YES;
				CLANG_WARN_OBJC_LITERAL_CONVERSION = YES;
				CLANG_WARN_OBJC_ROOT_CLASS = YES_ERROR;
				CLANG_WARN_QUOTED_INCLUDE_IN_FRAMEWORK_HEADER = YES;
				CLANG_WARN_RANGE_LOOP_ANALYSIS = YES;
				CLANG_WARN_STRICT_PROTOTYPES = YES;
				CLANG_WARN_SUSPICIOUS_MOVE = YES;
				CLANG_WARN_UNGUARDED_AVAILABILITY = YES_AGGRESSIVE;
				CLANG_WARN_UNREACHABLE_CODE = YES;
				CLANG_WARN__DUPLICATE_METHOD_MATCH = YES;
				COPY_PHASE_STRIP = NO;
				DEBUG_INFORMATION_FORMAT = dwarf;
				ENABLE_STRICT_OBJC_MSGSEND = YES;
				ENABLE_TESTABILITY = YES;
				GCC_C_LANGUAGE_STANDARD = gnu11;
				GCC_DYNAMIC_NO_PIC = NO;
				GCC_NO_COMMON_BLOCKS = YES;
				GCC_OPTIMIZATION_LEVEL = 0;
				GCC_PREPROCESSOR_DEFINITIONS = (
					"DEBUG=1",
					"$(inherited)",
				);
				GCC_WARN_64_TO_32_BIT_CONVERSION = YES;
				GCC_WARN_ABOUT_RETURN_TYPE = YES_ERROR;
				GCC_WARN_UNDECLARED_SELECTOR = YES;
				GCC_WARN_UNINITIALIZED_AUTOS = YES_AGGRESSIVE;
				GCC_WARN_UNUSED_FUNCTION = YES;
				GCC_WARN_UNUSED_VARIABLE = YES;
				IPHONEOS_DEPLOYMENT_TARGET = 16.4;
				MTL_ENABLE_DEBUG_INFO = INCLUDE_SOURCE;
				MTL_FAST_MATH = YES;
				ONLY_ACTIVE_ARCH = YES;
				SDKROOT = iphoneos;
				SWIFT_ACTIVE_COMPILATION_CONDITIONS = DEBUG;
				SWIFT_OPTIMIZATION_LEVEL = "-Onone";
			};
			name = Debug;
		};
		F4AFD78629EED45A00354128 /* Release */ = {
			isa = XCBuildConfiguration;
			buildSettings = {
				ALWAYS_SEARCH_USER_PATHS = NO;
				CLANG_ANALYZER_NONNULL = YES;
				CLANG_ANALYZER_NUMBER_OBJECT_CONVERSION = YES_AGGRESSIVE;
				CLANG_CXX_LANGUAGE_STANDARD = "gnu++20";
				CLANG_ENABLE_MODULES = YES;
				CLANG_ENABLE_OBJC_ARC = YES;
				CLANG_ENABLE_OBJC_WEAK = YES;
				CLANG_WARN_BLOCK_CAPTURE_AUTORELEASING = YES;
				CLANG_WARN_BOOL_CONVERSION = YES;
				CLANG_WARN_COMMA = YES;
				CLANG_WARN_CONSTANT_CONVERSION = YES;
				CLANG_WARN_DEPRECATED_OBJC_IMPLEMENTATIONS = YES;
				CLANG_WARN_DIRECT_OBJC_ISA_USAGE = YES_ERROR;
				CLANG_WARN_DOCUMENTATION_COMMENTS = YES;
				CLANG_WARN_EMPTY_BODY = YES;
				CLANG_WARN_ENUM_CONVERSION = YES;
				CLANG_WARN_INFINITE_RECURSION = YES;
				CLANG_WARN_INT_CONVERSION = YES;
				CLANG_WARN_NON_LITERAL_NULL_CONVERSION = YES;
				CLANG_WARN_OBJC_IMPLICIT_RETAIN_SELF = YES;
				CLANG_WARN_OBJC_LITERAL_CONVERSION = YES;
				CLANG_WARN_OBJC_ROOT_CLASS = YES_ERROR;
				CLANG_WARN_QUOTED_INCLUDE_IN_FRAMEWORK_HEADER = YES;
				CLANG_WARN_RANGE_LOOP_ANALYSIS = YES;
				CLANG_WARN_STRICT_PROTOTYPES = YES;
				CLANG_WARN_SUSPICIOUS_MOVE = YES;
				CLANG_WARN_UNGUARDED_AVAILABILITY = YES_AGGRESSIVE;
				CLANG_WARN_UNREACHABLE_CODE = YES;
				CLANG_WARN__DUPLICATE_METHOD_MATCH = YES;
				COPY_PHASE_STRIP = NO;
				DEBUG_INFORMATION_FORMAT = "dwarf-with-dsym";
				ENABLE_NS_ASSERTIONS = NO;
				ENABLE_STRICT_OBJC_MSGSEND = YES;
				GCC_C_LANGUAGE_STANDARD = gnu11;
				GCC_NO_COMMON_BLOCKS = YES;
				GCC_WARN_64_TO_32_BIT_CONVERSION = YES;
				GCC_WARN_ABOUT_RETURN_TYPE = YES_ERROR;
				GCC_WARN_UNDECLARED_SELECTOR = YES;
				GCC_WARN_UNINITIALIZED_AUTOS = YES_AGGRESSIVE;
				GCC_WARN_UNUSED_FUNCTION = YES;
				GCC_WARN_UNUSED_VARIABLE = YES;
				IPHONEOS_DEPLOYMENT_TARGET = 16.4;
				MTL_ENABLE_DEBUG_INFO = NO;
				MTL_FAST_MATH = YES;
				SDKROOT = iphoneos;
				SWIFT_COMPILATION_MODE = wholemodule;
				SWIFT_OPTIMIZATION_LEVEL = "-O";
				VALIDATE_PRODUCT = YES;
			};
			name = Release;
		};
		F4AFD78829EED45A00354128 /* Debug */ = {
			isa = XCBuildConfiguration;
			buildSettings = {
				ASSETCATALOG_COMPILER_APPICON_NAME = AppIcon;
				ASSETCATALOG_COMPILER_GLOBAL_ACCENT_COLOR_NAME = AccentColor;
				CODE_SIGN_STYLE = Automatic;
				CURRENT_PROJECT_VERSION = 1;
				DEVELOPMENT_TEAM = HV6BJXV65Q;
				GENERATE_INFOPLIST_FILE = YES;
				INFOPLIST_FILE = SOPT_Seminar_Task/Info.plist;
				INFOPLIST_KEY_UIApplicationSupportsIndirectInputEvents = YES;
				INFOPLIST_KEY_UILaunchStoryboardName = LaunchScreen;
				INFOPLIST_KEY_UIMainStoryboardFile = Main;
				INFOPLIST_KEY_UISupportedInterfaceOrientations_iPad = "UIInterfaceOrientationPortrait UIInterfaceOrientationPortraitUpsideDown UIInterfaceOrientationLandscapeLeft UIInterfaceOrientationLandscapeRight";
				INFOPLIST_KEY_UISupportedInterfaceOrientations_iPhone = "UIInterfaceOrientationPortrait UIInterfaceOrientationLandscapeLeft UIInterfaceOrientationLandscapeRight";
				LD_RUNPATH_SEARCH_PATHS = (
					"$(inherited)",
					"@executable_path/Frameworks",
				);
				MARKETING_VERSION = 1.0;
				OTHER_LDFLAGS = (
					"-Xlinker",
					"-interposable",
				);
				PRODUCT_BUNDLE_IDENTIFIER = "none.SOPT-Seminar-Task";
				PRODUCT_NAME = "$(TARGET_NAME)";
				SWIFT_EMIT_LOC_STRINGS = YES;
				SWIFT_VERSION = 5.0;
				TARGETED_DEVICE_FAMILY = "1,2";
			};
			name = Debug;
		};
		F4AFD78929EED45A00354128 /* Release */ = {
			isa = XCBuildConfiguration;
			buildSettings = {
				ASSETCATALOG_COMPILER_APPICON_NAME = AppIcon;
				ASSETCATALOG_COMPILER_GLOBAL_ACCENT_COLOR_NAME = AccentColor;
				CODE_SIGN_STYLE = Automatic;
				CURRENT_PROJECT_VERSION = 1;
				DEVELOPMENT_TEAM = HV6BJXV65Q;
				GENERATE_INFOPLIST_FILE = YES;
				INFOPLIST_FILE = SOPT_Seminar_Task/Info.plist;
				INFOPLIST_KEY_UIApplicationSupportsIndirectInputEvents = YES;
				INFOPLIST_KEY_UILaunchStoryboardName = LaunchScreen;
				INFOPLIST_KEY_UIMainStoryboardFile = Main;
				INFOPLIST_KEY_UISupportedInterfaceOrientations_iPad = "UIInterfaceOrientationPortrait UIInterfaceOrientationPortraitUpsideDown UIInterfaceOrientationLandscapeLeft UIInterfaceOrientationLandscapeRight";
				INFOPLIST_KEY_UISupportedInterfaceOrientations_iPhone = "UIInterfaceOrientationPortrait UIInterfaceOrientationLandscapeLeft UIInterfaceOrientationLandscapeRight";
				LD_RUNPATH_SEARCH_PATHS = (
					"$(inherited)",
					"@executable_path/Frameworks",
				);
				MARKETING_VERSION = 1.0;
				OTHER_LDFLAGS = (
					"-Xlinker",
					"-interposable",
				);
				PRODUCT_BUNDLE_IDENTIFIER = "none.SOPT-Seminar-Task";
				PRODUCT_NAME = "$(TARGET_NAME)";
				SWIFT_EMIT_LOC_STRINGS = YES;
				SWIFT_VERSION = 5.0;
				TARGETED_DEVICE_FAMILY = "1,2";
			};
			name = Release;
		};
/* End XCBuildConfiguration section */

/* Begin XCConfigurationList section */
		F4AFD76E29EED45800354128 /* Build configuration list for PBXProject "SOPT_Seminar_Task" */ = {
			isa = XCConfigurationList;
			buildConfigurations = (
				F4AFD78529EED45A00354128 /* Debug */,
				F4AFD78629EED45A00354128 /* Release */,
			);
			defaultConfigurationIsVisible = 0;
			defaultConfigurationName = Release;
		};
		F4AFD78729EED45A00354128 /* Build configuration list for PBXNativeTarget "SOPT_Seminar_Task" */ = {
			isa = XCConfigurationList;
			buildConfigurations = (
				F4AFD78829EED45A00354128 /* Debug */,
				F4AFD78929EED45A00354128 /* Release */,
			);
			defaultConfigurationIsVisible = 0;
			defaultConfigurationName = Release;
		};
/* End XCConfigurationList section */

/* Begin XCRemoteSwiftPackageReference section */
		F4AFD79029EEE0DE00354128 /* XCRemoteSwiftPackageReference "Inject" */ = {
			isa = XCRemoteSwiftPackageReference;
			repositoryURL = "https://github.com/krzysztofzablocki/Inject.git";
			requirement = {
				kind = upToNextMajorVersion;
				minimumVersion = 1.0.0;
			};
		};
		F4AFD79329EEE0E800354128 /* XCRemoteSwiftPackageReference "Then" */ = {
			isa = XCRemoteSwiftPackageReference;
			repositoryURL = "https://github.com/devxoul/Then";
			requirement = {
				kind = upToNextMajorVersion;
				minimumVersion = 3.0.0;
			};
		};
		F4AFD79629EEE1A400354128 /* XCRemoteSwiftPackageReference "SnapKit" */ = {
			isa = XCRemoteSwiftPackageReference;
			repositoryURL = "https://github.com/SnapKit/SnapKit.git";
			requirement = {
				kind = upToNextMajorVersion;
				minimumVersion = 5.0.0;
			};
		};
/* End XCRemoteSwiftPackageReference section */

/* Begin XCSwiftPackageProductDependency section */
		F4AFD79129EEE0DE00354128 /* Inject */ = {
			isa = XCSwiftPackageProductDependency;
			package = F4AFD79029EEE0DE00354128 /* XCRemoteSwiftPackageReference "Inject" */;
			productName = Inject;
		};
		F4AFD79429EEE0E800354128 /* Then */ = {
			isa = XCSwiftPackageProductDependency;
			package = F4AFD79329EEE0E800354128 /* XCRemoteSwiftPackageReference "Then" */;
			productName = Then;
		};
		F4AFD79729EEE1A400354128 /* SnapKit */ = {
			isa = XCSwiftPackageProductDependency;
			package = F4AFD79629EEE1A400354128 /* XCRemoteSwiftPackageReference "SnapKit" */;
			productName = SnapKit;
		};
/* End XCSwiftPackageProductDependency section */
	};
	rootObject = F4AFD76B29EED45800354128 /* Project object */;
}
